// !$*UTF8*$!
{
	archiveVersion = 1;
	classes = {
	};
	objectVersion = 46;
	objects = {

/* Begin PBXBuildFile section */
		00E356F31AD99517003FC87E /* letsfoodsTests.m in Sources */ = {isa = PBXBuildFile; fileRef = 00E356F21AD99517003FC87E /* letsfoodsTests.m */; };
		13B07FBC1A68108700A75B9A /* AppDelegate.m in Sources */ = {isa = PBXBuildFile; fileRef = 13B07FB01A68108700A75B9A /* AppDelegate.m */; };
		13B07FBD1A68108700A75B9A /* LaunchScreen.xib in Resources */ = {isa = PBXBuildFile; fileRef = 13B07FB11A68108700A75B9A /* LaunchScreen.xib */; };
		13B07FBF1A68108700A75B9A /* Images.xcassets in Resources */ = {isa = PBXBuildFile; fileRef = 13B07FB51A68108700A75B9A /* Images.xcassets */; };
		13B07FC11A68108700A75B9A /* main.m in Sources */ = {isa = PBXBuildFile; fileRef = 13B07FB71A68108700A75B9A /* main.m */; };
		2D02E4BC1E0B4A80006451C7 /* AppDelegate.m in Sources */ = {isa = PBXBuildFile; fileRef = 13B07FB01A68108700A75B9A /* AppDelegate.m */; };
		2D02E4BD1E0B4A84006451C7 /* Images.xcassets in Resources */ = {isa = PBXBuildFile; fileRef = 13B07FB51A68108700A75B9A /* Images.xcassets */; };
		2D02E4BF1E0B4AB3006451C7 /* main.m in Sources */ = {isa = PBXBuildFile; fileRef = 13B07FB71A68108700A75B9A /* main.m */; };
		2DCD954D1E0B4F2C00145EB5 /* letsfoodsTests.m in Sources */ = {isa = PBXBuildFile; fileRef = 00E356F21AD99517003FC87E /* letsfoodsTests.m */; };
		8BE64F882C184CE6A9C707D5 /* Poppins Black.ttf in Resources */ = {isa = PBXBuildFile; fileRef = BA1122D106AC4AB99F9E7051 /* Poppins Black.ttf */; };
		6F982EED972D4BF5BAACC036 /* Poppins Bold.ttf in Resources */ = {isa = PBXBuildFile; fileRef = 84BD56F476F6448E8458161D /* Poppins Bold.ttf */; };
		B512922B6BCD4D0CAA6DF9A0 /* Poppins ExtraBold.ttf in Resources */ = {isa = PBXBuildFile; fileRef = A53E7A96E9BF44F3A8209B82 /* Poppins ExtraBold.ttf */; };
		78CF3F2A552745A8A3403309 /* Poppins ExtraLight.ttf in Resources */ = {isa = PBXBuildFile; fileRef = 195C791099AF44528D1FD2BD /* Poppins ExtraLight.ttf */; };
		A3174AFDF5EC4EF98C387D96 /* Poppins Light.ttf in Resources */ = {isa = PBXBuildFile; fileRef = 92671ECEDBFA43359C067E9E /* Poppins Light.ttf */; };
		FAC15B8295024CD5A6B28B15 /* Poppins Medium.ttf in Resources */ = {isa = PBXBuildFile; fileRef = 6AC6F0697F794AE99EB88B03 /* Poppins Medium.ttf */; };
		D8F958303C924FDB8B46156A /* Poppins Regular.ttf in Resources */ = {isa = PBXBuildFile; fileRef = 9B54470D826243738DA2B1F8 /* Poppins Regular.ttf */; };
		340A934DA6764B28A8CC8969 /* Poppins SemiBold.ttf in Resources */ = {isa = PBXBuildFile; fileRef = 0E568EAA11EE450A8448F9C5 /* Poppins SemiBold.ttf */; };
		81FB294A14D749069EA70FA6 /* Poppins Thin.ttf in Resources */ = {isa = PBXBuildFile; fileRef = 31EEAD9B0C1248DCB951CB25 /* Poppins Thin.ttf */; };
		9D24E5E93A304360A221C753 /* AntDesign.ttf in Resources */ = {isa = PBXBuildFile; fileRef = A78EFF7B2B3242DA81DFB561 /* AntDesign.ttf */; };
		2DDB119C8BCD45839EF270E9 /* Entypo.ttf in Resources */ = {isa = PBXBuildFile; fileRef = 40F66F4E16024A90BBF7C5B5 /* Entypo.ttf */; };
		D11DA25CA9A84E059E3ED62B /* EvilIcons.ttf in Resources */ = {isa = PBXBuildFile; fileRef = 9E24899900A74423A4E0F00B /* EvilIcons.ttf */; };
		83C82B93BE914DFF9A6351C9 /* Feather.ttf in Resources */ = {isa = PBXBuildFile; fileRef = 8B5EA6BB4A534487893A94A9 /* Feather.ttf */; };
		97430F80C3584F0D9D5F147A /* FontAwesome.ttf in Resources */ = {isa = PBXBuildFile; fileRef = C69005E449EA427B89A0CD46 /* FontAwesome.ttf */; };
		DA14CA62726848B4AD3700AD /* FontAwesome5_Brands.ttf in Resources */ = {isa = PBXBuildFile; fileRef = 17240105784B4A5387B737EA /* FontAwesome5_Brands.ttf */; };
		46094C9AE60648689B70A67D /* FontAwesome5_Regular.ttf in Resources */ = {isa = PBXBuildFile; fileRef = EA27FB4E3E12454F84E03EFF /* FontAwesome5_Regular.ttf */; };
		8F87F7E06B184ADFBD863CCD /* FontAwesome5_Solid.ttf in Resources */ = {isa = PBXBuildFile; fileRef = C938624FD70541F5BF2554ED /* FontAwesome5_Solid.ttf */; };
		5C2DEA41E4EA4DA59CEAC381 /* Fontisto.ttf in Resources */ = {isa = PBXBuildFile; fileRef = EFBCA7BCE6B44CE5A073714D /* Fontisto.ttf */; };
		8EE92752F239400F923D7CC6 /* Foundation.ttf in Resources */ = {isa = PBXBuildFile; fileRef = 2C1B7EE082124278BA92B84C /* Foundation.ttf */; };
		2CCF6B66097B415098BB81CF /* Ionicons.ttf in Resources */ = {isa = PBXBuildFile; fileRef = 0CF07931248446E8844D6DED /* Ionicons.ttf */; };
		99309C92F39A4A5981FA5857 /* MaterialCommunityIcons.ttf in Resources */ = {isa = PBXBuildFile; fileRef = 25C8B61DDD4941A091F907C0 /* MaterialCommunityIcons.ttf */; };
		6049D1F15A5C4671A3979699 /* MaterialIcons.ttf in Resources */ = {isa = PBXBuildFile; fileRef = 28C7E97742D1441CB010FDDC /* MaterialIcons.ttf */; };
		A0A1F122603A4BC98217450D /* Octicons.ttf in Resources */ = {isa = PBXBuildFile; fileRef = 5D860EC290684980BE6F8EF6 /* Octicons.ttf */; };
		4FF88DFF3613469BB8A933A2 /* SimpleLineIcons.ttf in Resources */ = {isa = PBXBuildFile; fileRef = 09CBF5323F3841B584A6251A /* SimpleLineIcons.ttf */; };
		E0E40FE3E3274251ABF32064 /* Zocial.ttf in Resources */ = {isa = PBXBuildFile; fileRef = 23A47F30185A47348C6DBD10 /* Zocial.ttf */; };
		1AAD4F2AFC604634ADE07018 /* Lato Black.ttf in Resources */ = {isa = PBXBuildFile; fileRef = F4C5CAD4D57B4ECCA1B1DD15 /* Lato Black.ttf */; };
		E44D084E0C1046019AA132E0 /* Lato Bold.ttf in Resources */ = {isa = PBXBuildFile; fileRef = E834506A82AB476D8A68E25C /* Lato Bold.ttf */; };
		D617FE9B495E429281445E51 /* Lato Hairline.ttf in Resources */ = {isa = PBXBuildFile; fileRef = F6E1E250D31C41C9BA6A4DC5 /* Lato Hairline.ttf */; };
		B5C2A4375C12495892A5D0E5 /* Lato Regular.ttf in Resources */ = {isa = PBXBuildFile; fileRef = 7858A0B3393740BAA1DDAC14 /* Lato Regular.ttf */; };
		BF5DF68BFF65441DB0769698 /* Lato-Light.ttf in Resources */ = {isa = PBXBuildFile; fileRef = 2CF3D3EFEEA2454196D0784A /* Lato-Light.ttf */; };
		36205602D8A94418AAD95F74 /* ABeeZee-Regular.ttf in Resources */ = {isa = PBXBuildFile; fileRef = 2C9B1AF86234486BA4C13D6E /* ABeeZee-Regular.ttf */; };
		E5D34763E1954C38A8BB256A /* BarlowSemiCondensed-Bold.ttf in Resources */ = {isa = PBXBuildFile; fileRef = 2F447EA1CCC34A5F9661D780 /* BarlowSemiCondensed-Bold.ttf */; };
		8905673CC18046028EC921C6 /* BarlowSemiCondensed-ExtraBold.ttf in Resources */ = {isa = PBXBuildFile; fileRef = 622D93356FF1480CBA9C43D0 /* BarlowSemiCondensed-ExtraBold.ttf */; };
		28DA6AC28E824A1193AF5BFA /* BarlowSemiCondensed-ExtraLight.ttf in Resources */ = {isa = PBXBuildFile; fileRef = C873004AB2AA4D0E9CFD82FC /* BarlowSemiCondensed-ExtraLight.ttf */; };
		4B141657B01F4C6C8D15E97E /* BarlowSemiCondensed-Light.ttf in Resources */ = {isa = PBXBuildFile; fileRef = 4DE5E326D4F9444A85E94051 /* BarlowSemiCondensed-Light.ttf */; };
		71974A969F3A48DAA574C057 /* BarlowSemiCondensed-Medium.ttf in Resources */ = {isa = PBXBuildFile; fileRef = 4F657684760048E1B8844189 /* BarlowSemiCondensed-Medium.ttf */; };
		18AA1F813380429BACDAC8ED /* BarlowSemiCondensed-Regular.ttf in Resources */ = {isa = PBXBuildFile; fileRef = 5B3066751D494C1B93D400E4 /* BarlowSemiCondensed-Regular.ttf */; };
		00A9744F62E14FD88FE77A52 /* BarlowSemiCondensed-SemiBold.ttf in Resources */ = {isa = PBXBuildFile; fileRef = BA6CC657D0C74BD8B723C5B5 /* BarlowSemiCondensed-SemiBold.ttf */; };
		1C351E02231A41118A2EC37F /* BarlowSemiCondensed-Thin.ttf in Resources */ = {isa = PBXBuildFile; fileRef = CED29D4BFB714470A5F7A11D /* BarlowSemiCondensed-Thin.ttf */; };
		9031FF29066B48EB8657F7EB /* FiraSans-Bold.ttf in Resources */ = {isa = PBXBuildFile; fileRef = 94038CCB68E74E9AA1177342 /* FiraSans-Bold.ttf */; };
		1D4D1EAACD4A43C7B9DA94A3 /* FiraSans-ExtraLight.ttf in Resources */ = {isa = PBXBuildFile; fileRef = 4A7A3CE7C107419FA100ECB5 /* FiraSans-ExtraLight.ttf */; };
		E89AC4E6FB7341BC9E3ADB73 /* FiraSans-Light.ttf in Resources */ = {isa = PBXBuildFile; fileRef = 0376D6EFD5E2488484F1ADF0 /* FiraSans-Light.ttf */; };
		7E303B0A1B724CF1BABF437E /* FiraSans-Medium.ttf in Resources */ = {isa = PBXBuildFile; fileRef = 3182AEBA85D34B67966C4177 /* FiraSans-Medium.ttf */; };
		58FF473CCE9249F79E7009D3 /* FiraSans-Regular.ttf in Resources */ = {isa = PBXBuildFile; fileRef = 1AF2B5B556EB4E13896BAE56 /* FiraSans-Regular.ttf */; };
		A8F5C160294B430F8366D213 /* FiraSans-SemiBold.ttf in Resources */ = {isa = PBXBuildFile; fileRef = 035124C3C356481D81A5F574 /* FiraSans-SemiBold.ttf */; };
		540FB1B9EB27427BAFD94C34 /* FiraSans-Thin.ttf in Resources */ = {isa = PBXBuildFile; fileRef = 2A6DBAF975394A55BD213B97 /* FiraSans-Thin.ttf */; };
		C6D5E76CE78A423F90DD69B7 /* NewsCycle-Regular.ttf in Resources */ = {isa = PBXBuildFile; fileRef = 912C3DDC94E44B018C749FED /* NewsCycle-Regular.ttf */; };
/* End PBXBuildFile section */

/* Begin PBXContainerItemProxy section */
		00E356F41AD99517003FC87E /* PBXContainerItemProxy */ = {
			isa = PBXContainerItemProxy;
			containerPortal = 83CBB9F71A601CBA00E9B192 /* Project object */;
			proxyType = 1;
			remoteGlobalIDString = 13B07F861A680F5B00A75B9A;
			remoteInfo = letsfoods;
		};
		2D02E4911E0B4A5D006451C7 /* PBXContainerItemProxy */ = {
			isa = PBXContainerItemProxy;
			containerPortal = 83CBB9F71A601CBA00E9B192 /* Project object */;
			proxyType = 1;
			remoteGlobalIDString = 2D02E47A1E0B4A5D006451C7;
			remoteInfo = "letsfoods-tvOS";
		};
/* End PBXContainerItemProxy section */

/* Begin PBXFileReference section */
		008F07F21AC5B25A0029DE68 /* main.jsbundle */ = {isa = PBXFileReference; fileEncoding = 4; lastKnownFileType = text; path = main.jsbundle; sourceTree = "<group>"; };
		00E356EE1AD99517003FC87E /* letsfoodsTests.xctest */ = {isa = PBXFileReference; explicitFileType = wrapper.cfbundle; includeInIndex = 0; path = letsfoodsTests.xctest; sourceTree = BUILT_PRODUCTS_DIR; };
		00E356F11AD99517003FC87E /* Info.plist */ = {isa = PBXFileReference; lastKnownFileType = text.plist.xml; path = Info.plist; sourceTree = "<group>"; };
		00E356F21AD99517003FC87E /* letsfoodsTests.m */ = {isa = PBXFileReference; lastKnownFileType = sourcecode.c.objc; path = letsfoodsTests.m; sourceTree = "<group>"; };
		13B07F961A680F5B00A75B9A /* letsfoods.app */ = {isa = PBXFileReference; explicitFileType = wrapper.application; includeInIndex = 0; path = letsfoods.app; sourceTree = BUILT_PRODUCTS_DIR; };
		13B07FAF1A68108700A75B9A /* AppDelegate.h */ = {isa = PBXFileReference; fileEncoding = 4; lastKnownFileType = sourcecode.c.h; name = AppDelegate.h; path = letsfoods/AppDelegate.h; sourceTree = "<group>"; };
		13B07FB01A68108700A75B9A /* AppDelegate.m */ = {isa = PBXFileReference; fileEncoding = 4; lastKnownFileType = sourcecode.c.objc; name = AppDelegate.m; path = letsfoods/AppDelegate.m; sourceTree = "<group>"; };
		13B07FB21A68108700A75B9A /* Base */ = {isa = PBXFileReference; lastKnownFileType = file.xib; name = Base; path = Base.lproj/LaunchScreen.xib; sourceTree = "<group>"; };
		13B07FB51A68108700A75B9A /* Images.xcassets */ = {isa = PBXFileReference; lastKnownFileType = folder.assetcatalog; name = Images.xcassets; path = letsfoods/Images.xcassets; sourceTree = "<group>"; };
		13B07FB61A68108700A75B9A /* Info.plist */ = {isa = PBXFileReference; fileEncoding = 4; lastKnownFileType = text.plist.xml; name = Info.plist; path = letsfoods/Info.plist; sourceTree = "<group>"; };
		13B07FB71A68108700A75B9A /* main.m */ = {isa = PBXFileReference; fileEncoding = 4; lastKnownFileType = sourcecode.c.objc; name = main.m; path = letsfoods/main.m; sourceTree = "<group>"; };
		2D02E47B1E0B4A5D006451C7 /* letsfoods-tvOS.app */ = {isa = PBXFileReference; explicitFileType = wrapper.application; includeInIndex = 0; path = "letsfoods-tvOS.app"; sourceTree = BUILT_PRODUCTS_DIR; };
		2D02E4901E0B4A5D006451C7 /* letsfoods-tvOSTests.xctest */ = {isa = PBXFileReference; explicitFileType = wrapper.cfbundle; includeInIndex = 0; path = "letsfoods-tvOSTests.xctest"; sourceTree = BUILT_PRODUCTS_DIR; };
		ED297162215061F000B7C4FE /* JavaScriptCore.framework */ = {isa = PBXFileReference; lastKnownFileType = wrapper.framework; name = JavaScriptCore.framework; path = System/Library/Frameworks/JavaScriptCore.framework; sourceTree = SDKROOT; };
		ED2971642150620600B7C4FE /* JavaScriptCore.framework */ = {isa = PBXFileReference; lastKnownFileType = wrapper.framework; name = JavaScriptCore.framework; path = Platforms/AppleTVOS.platform/Developer/SDKs/AppleTVOS12.0.sdk/System/Library/Frameworks/JavaScriptCore.framework; sourceTree = DEVELOPER_DIR; };
		BA1122D106AC4AB99F9E7051 /* Poppins Black.ttf */ = {isa = PBXFileReference; name = "Poppins Black.ttf"; path = "../src/assets/fonts/Poppins Black.ttf"; sourceTree = "<group>"; fileEncoding = undefined; lastKnownFileType = unknown; explicitFileType = undefined; includeInIndex = 0; };
		84BD56F476F6448E8458161D /* Poppins Bold.ttf */ = {isa = PBXFileReference; name = "Poppins Bold.ttf"; path = "../src/assets/fonts/Poppins Bold.ttf"; sourceTree = "<group>"; fileEncoding = undefined; lastKnownFileType = unknown; explicitFileType = undefined; includeInIndex = 0; };
		A53E7A96E9BF44F3A8209B82 /* Poppins ExtraBold.ttf */ = {isa = PBXFileReference; name = "Poppins ExtraBold.ttf"; path = "../src/assets/fonts/Poppins ExtraBold.ttf"; sourceTree = "<group>"; fileEncoding = undefined; lastKnownFileType = unknown; explicitFileType = undefined; includeInIndex = 0; };
		195C791099AF44528D1FD2BD /* Poppins ExtraLight.ttf */ = {isa = PBXFileReference; name = "Poppins ExtraLight.ttf"; path = "../src/assets/fonts/Poppins ExtraLight.ttf"; sourceTree = "<group>"; fileEncoding = undefined; lastKnownFileType = unknown; explicitFileType = undefined; includeInIndex = 0; };
		92671ECEDBFA43359C067E9E /* Poppins Light.ttf */ = {isa = PBXFileReference; name = "Poppins Light.ttf"; path = "../src/assets/fonts/Poppins Light.ttf"; sourceTree = "<group>"; fileEncoding = undefined; lastKnownFileType = unknown; explicitFileType = undefined; includeInIndex = 0; };
		6AC6F0697F794AE99EB88B03 /* Poppins Medium.ttf */ = {isa = PBXFileReference; name = "Poppins Medium.ttf"; path = "../src/assets/fonts/Poppins Medium.ttf"; sourceTree = "<group>"; fileEncoding = undefined; lastKnownFileType = unknown; explicitFileType = undefined; includeInIndex = 0; };
		9B54470D826243738DA2B1F8 /* Poppins Regular.ttf */ = {isa = PBXFileReference; name = "Poppins Regular.ttf"; path = "../src/assets/fonts/Poppins Regular.ttf"; sourceTree = "<group>"; fileEncoding = undefined; lastKnownFileType = unknown; explicitFileType = undefined; includeInIndex = 0; };
		0E568EAA11EE450A8448F9C5 /* Poppins SemiBold.ttf */ = {isa = PBXFileReference; name = "Poppins SemiBold.ttf"; path = "../src/assets/fonts/Poppins SemiBold.ttf"; sourceTree = "<group>"; fileEncoding = undefined; lastKnownFileType = unknown; explicitFileType = undefined; includeInIndex = 0; };
		31EEAD9B0C1248DCB951CB25 /* Poppins Thin.ttf */ = {isa = PBXFileReference; name = "Poppins Thin.ttf"; path = "../src/assets/fonts/Poppins Thin.ttf"; sourceTree = "<group>"; fileEncoding = undefined; lastKnownFileType = unknown; explicitFileType = undefined; includeInIndex = 0; };
		A78EFF7B2B3242DA81DFB561 /* AntDesign.ttf */ = {isa = PBXFileReference; name = "AntDesign.ttf"; path = "../node_modules/react-native-vector-icons/Fonts/AntDesign.ttf"; sourceTree = "<group>"; fileEncoding = undefined; lastKnownFileType = unknown; explicitFileType = undefined; includeInIndex = 0; };
		40F66F4E16024A90BBF7C5B5 /* Entypo.ttf */ = {isa = PBXFileReference; name = "Entypo.ttf"; path = "../node_modules/react-native-vector-icons/Fonts/Entypo.ttf"; sourceTree = "<group>"; fileEncoding = undefined; lastKnownFileType = unknown; explicitFileType = undefined; includeInIndex = 0; };
		9E24899900A74423A4E0F00B /* EvilIcons.ttf */ = {isa = PBXFileReference; name = "EvilIcons.ttf"; path = "../node_modules/react-native-vector-icons/Fonts/EvilIcons.ttf"; sourceTree = "<group>"; fileEncoding = undefined; lastKnownFileType = unknown; explicitFileType = undefined; includeInIndex = 0; };
		8B5EA6BB4A534487893A94A9 /* Feather.ttf */ = {isa = PBXFileReference; name = "Feather.ttf"; path = "../node_modules/react-native-vector-icons/Fonts/Feather.ttf"; sourceTree = "<group>"; fileEncoding = undefined; lastKnownFileType = unknown; explicitFileType = undefined; includeInIndex = 0; };
		C69005E449EA427B89A0CD46 /* FontAwesome.ttf */ = {isa = PBXFileReference; name = "FontAwesome.ttf"; path = "../node_modules/react-native-vector-icons/Fonts/FontAwesome.ttf"; sourceTree = "<group>"; fileEncoding = undefined; lastKnownFileType = unknown; explicitFileType = undefined; includeInIndex = 0; };
		17240105784B4A5387B737EA /* FontAwesome5_Brands.ttf */ = {isa = PBXFileReference; name = "FontAwesome5_Brands.ttf"; path = "../node_modules/react-native-vector-icons/Fonts/FontAwesome5_Brands.ttf"; sourceTree = "<group>"; fileEncoding = undefined; lastKnownFileType = unknown; explicitFileType = undefined; includeInIndex = 0; };
		EA27FB4E3E12454F84E03EFF /* FontAwesome5_Regular.ttf */ = {isa = PBXFileReference; name = "FontAwesome5_Regular.ttf"; path = "../node_modules/react-native-vector-icons/Fonts/FontAwesome5_Regular.ttf"; sourceTree = "<group>"; fileEncoding = undefined; lastKnownFileType = unknown; explicitFileType = undefined; includeInIndex = 0; };
		C938624FD70541F5BF2554ED /* FontAwesome5_Solid.ttf */ = {isa = PBXFileReference; name = "FontAwesome5_Solid.ttf"; path = "../node_modules/react-native-vector-icons/Fonts/FontAwesome5_Solid.ttf"; sourceTree = "<group>"; fileEncoding = undefined; lastKnownFileType = unknown; explicitFileType = undefined; includeInIndex = 0; };
		EFBCA7BCE6B44CE5A073714D /* Fontisto.ttf */ = {isa = PBXFileReference; name = "Fontisto.ttf"; path = "../node_modules/react-native-vector-icons/Fonts/Fontisto.ttf"; sourceTree = "<group>"; fileEncoding = undefined; lastKnownFileType = unknown; explicitFileType = undefined; includeInIndex = 0; };
		2C1B7EE082124278BA92B84C /* Foundation.ttf */ = {isa = PBXFileReference; name = "Foundation.ttf"; path = "../node_modules/react-native-vector-icons/Fonts/Foundation.ttf"; sourceTree = "<group>"; fileEncoding = undefined; lastKnownFileType = unknown; explicitFileType = undefined; includeInIndex = 0; };
		0CF07931248446E8844D6DED /* Ionicons.ttf */ = {isa = PBXFileReference; name = "Ionicons.ttf"; path = "../node_modules/react-native-vector-icons/Fonts/Ionicons.ttf"; sourceTree = "<group>"; fileEncoding = undefined; lastKnownFileType = unknown; explicitFileType = undefined; includeInIndex = 0; };
		25C8B61DDD4941A091F907C0 /* MaterialCommunityIcons.ttf */ = {isa = PBXFileReference; name = "MaterialCommunityIcons.ttf"; path = "../node_modules/react-native-vector-icons/Fonts/MaterialCommunityIcons.ttf"; sourceTree = "<group>"; fileEncoding = undefined; lastKnownFileType = unknown; explicitFileType = undefined; includeInIndex = 0; };
		28C7E97742D1441CB010FDDC /* MaterialIcons.ttf */ = {isa = PBXFileReference; name = "MaterialIcons.ttf"; path = "../node_modules/react-native-vector-icons/Fonts/MaterialIcons.ttf"; sourceTree = "<group>"; fileEncoding = undefined; lastKnownFileType = unknown; explicitFileType = undefined; includeInIndex = 0; };
		5D860EC290684980BE6F8EF6 /* Octicons.ttf */ = {isa = PBXFileReference; name = "Octicons.ttf"; path = "../node_modules/react-native-vector-icons/Fonts/Octicons.ttf"; sourceTree = "<group>"; fileEncoding = undefined; lastKnownFileType = unknown; explicitFileType = undefined; includeInIndex = 0; };
		09CBF5323F3841B584A6251A /* SimpleLineIcons.ttf */ = {isa = PBXFileReference; name = "SimpleLineIcons.ttf"; path = "../node_modules/react-native-vector-icons/Fonts/SimpleLineIcons.ttf"; sourceTree = "<group>"; fileEncoding = undefined; lastKnownFileType = unknown; explicitFileType = undefined; includeInIndex = 0; };
		23A47F30185A47348C6DBD10 /* Zocial.ttf */ = {isa = PBXFileReference; name = "Zocial.ttf"; path = "../node_modules/react-native-vector-icons/Fonts/Zocial.ttf"; sourceTree = "<group>"; fileEncoding = undefined; lastKnownFileType = unknown; explicitFileType = undefined; includeInIndex = 0; };
		F4C5CAD4D57B4ECCA1B1DD15 /* Lato Black.ttf */ = {isa = PBXFileReference; name = "Lato Black.ttf"; path = "../src/assets/fonts/Lato Black.ttf"; sourceTree = "<group>"; fileEncoding = undefined; lastKnownFileType = unknown; explicitFileType = undefined; includeInIndex = 0; };
		E834506A82AB476D8A68E25C /* Lato Bold.ttf */ = {isa = PBXFileReference; name = "Lato Bold.ttf"; path = "../src/assets/fonts/Lato Bold.ttf"; sourceTree = "<group>"; fileEncoding = undefined; lastKnownFileType = unknown; explicitFileType = undefined; includeInIndex = 0; };
		F6E1E250D31C41C9BA6A4DC5 /* Lato Hairline.ttf */ = {isa = PBXFileReference; name = "Lato Hairline.ttf"; path = "../src/assets/fonts/Lato Hairline.ttf"; sourceTree = "<group>"; fileEncoding = undefined; lastKnownFileType = unknown; explicitFileType = undefined; includeInIndex = 0; };
		7858A0B3393740BAA1DDAC14 /* Lato Regular.ttf */ = {isa = PBXFileReference; name = "Lato Regular.ttf"; path = "../src/assets/fonts/Lato Regular.ttf"; sourceTree = "<group>"; fileEncoding = undefined; lastKnownFileType = unknown; explicitFileType = undefined; includeInIndex = 0; };
		2CF3D3EFEEA2454196D0784A /* Lato-Light.ttf */ = {isa = PBXFileReference; name = "Lato-Light.ttf"; path = "../src/assets/fonts/Lato-Light.ttf"; sourceTree = "<group>"; fileEncoding = undefined; lastKnownFileType = unknown; explicitFileType = undefined; includeInIndex = 0; };
		2C9B1AF86234486BA4C13D6E /* ABeeZee-Regular.ttf */ = {isa = PBXFileReference; name = "ABeeZee-Regular.ttf"; path = "../src/assets/fonts/ABeeZee-Regular.ttf"; sourceTree = "<group>"; fileEncoding = undefined; lastKnownFileType = unknown; explicitFileType = undefined; includeInIndex = 0; };
		2F447EA1CCC34A5F9661D780 /* BarlowSemiCondensed-Bold.ttf */ = {isa = PBXFileReference; name = "BarlowSemiCondensed-Bold.ttf"; path = "../src/assets/fonts/BarlowSemiCondensed-Bold.ttf"; sourceTree = "<group>"; fileEncoding = undefined; lastKnownFileType = unknown; explicitFileType = undefined; includeInIndex = 0; };
		622D93356FF1480CBA9C43D0 /* BarlowSemiCondensed-ExtraBold.ttf */ = {isa = PBXFileReference; name = "BarlowSemiCondensed-ExtraBold.ttf"; path = "../src/assets/fonts/BarlowSemiCondensed-ExtraBold.ttf"; sourceTree = "<group>"; fileEncoding = undefined; lastKnownFileType = unknown; explicitFileType = undefined; includeInIndex = 0; };
		C873004AB2AA4D0E9CFD82FC /* BarlowSemiCondensed-ExtraLight.ttf */ = {isa = PBXFileReference; name = "BarlowSemiCondensed-ExtraLight.ttf"; path = "../src/assets/fonts/BarlowSemiCondensed-ExtraLight.ttf"; sourceTree = "<group>"; fileEncoding = undefined; lastKnownFileType = unknown; explicitFileType = undefined; includeInIndex = 0; };
		4DE5E326D4F9444A85E94051 /* BarlowSemiCondensed-Light.ttf */ = {isa = PBXFileReference; name = "BarlowSemiCondensed-Light.ttf"; path = "../src/assets/fonts/BarlowSemiCondensed-Light.ttf"; sourceTree = "<group>"; fileEncoding = undefined; lastKnownFileType = unknown; explicitFileType = undefined; includeInIndex = 0; };
		4F657684760048E1B8844189 /* BarlowSemiCondensed-Medium.ttf */ = {isa = PBXFileReference; name = "BarlowSemiCondensed-Medium.ttf"; path = "../src/assets/fonts/BarlowSemiCondensed-Medium.ttf"; sourceTree = "<group>"; fileEncoding = undefined; lastKnownFileType = unknown; explicitFileType = undefined; includeInIndex = 0; };
		5B3066751D494C1B93D400E4 /* BarlowSemiCondensed-Regular.ttf */ = {isa = PBXFileReference; name = "BarlowSemiCondensed-Regular.ttf"; path = "../src/assets/fonts/BarlowSemiCondensed-Regular.ttf"; sourceTree = "<group>"; fileEncoding = undefined; lastKnownFileType = unknown; explicitFileType = undefined; includeInIndex = 0; };
		BA6CC657D0C74BD8B723C5B5 /* BarlowSemiCondensed-SemiBold.ttf */ = {isa = PBXFileReference; name = "BarlowSemiCondensed-SemiBold.ttf"; path = "../src/assets/fonts/BarlowSemiCondensed-SemiBold.ttf"; sourceTree = "<group>"; fileEncoding = undefined; lastKnownFileType = unknown; explicitFileType = undefined; includeInIndex = 0; };
		CED29D4BFB714470A5F7A11D /* BarlowSemiCondensed-Thin.ttf */ = {isa = PBXFileReference; name = "BarlowSemiCondensed-Thin.ttf"; path = "../src/assets/fonts/BarlowSemiCondensed-Thin.ttf"; sourceTree = "<group>"; fileEncoding = undefined; lastKnownFileType = unknown; explicitFileType = undefined; includeInIndex = 0; };
		94038CCB68E74E9AA1177342 /* FiraSans-Bold.ttf */ = {isa = PBXFileReference; name = "FiraSans-Bold.ttf"; path = "../src/assets/fonts/FiraSans-Bold.ttf"; sourceTree = "<group>"; fileEncoding = undefined; lastKnownFileType = unknown; explicitFileType = undefined; includeInIndex = 0; };
		4A7A3CE7C107419FA100ECB5 /* FiraSans-ExtraLight.ttf */ = {isa = PBXFileReference; name = "FiraSans-ExtraLight.ttf"; path = "../src/assets/fonts/FiraSans-ExtraLight.ttf"; sourceTree = "<group>"; fileEncoding = undefined; lastKnownFileType = unknown; explicitFileType = undefined; includeInIndex = 0; };
		0376D6EFD5E2488484F1ADF0 /* FiraSans-Light.ttf */ = {isa = PBXFileReference; name = "FiraSans-Light.ttf"; path = "../src/assets/fonts/FiraSans-Light.ttf"; sourceTree = "<group>"; fileEncoding = undefined; lastKnownFileType = unknown; explicitFileType = undefined; includeInIndex = 0; };
		3182AEBA85D34B67966C4177 /* FiraSans-Medium.ttf */ = {isa = PBXFileReference; name = "FiraSans-Medium.ttf"; path = "../src/assets/fonts/FiraSans-Medium.ttf"; sourceTree = "<group>"; fileEncoding = undefined; lastKnownFileType = unknown; explicitFileType = undefined; includeInIndex = 0; };
		1AF2B5B556EB4E13896BAE56 /* FiraSans-Regular.ttf */ = {isa = PBXFileReference; name = "FiraSans-Regular.ttf"; path = "../src/assets/fonts/FiraSans-Regular.ttf"; sourceTree = "<group>"; fileEncoding = undefined; lastKnownFileType = unknown; explicitFileType = undefined; includeInIndex = 0; };
		035124C3C356481D81A5F574 /* FiraSans-SemiBold.ttf */ = {isa = PBXFileReference; name = "FiraSans-SemiBold.ttf"; path = "../src/assets/fonts/FiraSans-SemiBold.ttf"; sourceTree = "<group>"; fileEncoding = undefined; lastKnownFileType = unknown; explicitFileType = undefined; includeInIndex = 0; };
		2A6DBAF975394A55BD213B97 /* FiraSans-Thin.ttf */ = {isa = PBXFileReference; name = "FiraSans-Thin.ttf"; path = "../src/assets/fonts/FiraSans-Thin.ttf"; sourceTree = "<group>"; fileEncoding = undefined; lastKnownFileType = unknown; explicitFileType = undefined; includeInIndex = 0; };
		912C3DDC94E44B018C749FED /* NewsCycle-Regular.ttf */ = {isa = PBXFileReference; name = "NewsCycle-Regular.ttf"; path = "../src/assets/fonts/NewsCycle-Regular.ttf"; sourceTree = "<group>"; fileEncoding = undefined; lastKnownFileType = unknown; explicitFileType = undefined; includeInIndex = 0; };
/* End PBXFileReference section */

/* Begin PBXFrameworksBuildPhase section */
		00E356EB1AD99517003FC87E /* Frameworks */ = {
			isa = PBXFrameworksBuildPhase;
			buildActionMask = 2147483647;
			files = (
			);
			runOnlyForDeploymentPostprocessing = 0;
		};
		13B07F8C1A680F5B00A75B9A /* Frameworks */ = {
			isa = PBXFrameworksBuildPhase;
			buildActionMask = 2147483647;
			files = (
			);
			runOnlyForDeploymentPostprocessing = 0;
		};
		2D02E4781E0B4A5D006451C7 /* Frameworks */ = {
			isa = PBXFrameworksBuildPhase;
			buildActionMask = 2147483647;
			files = (
			);
			runOnlyForDeploymentPostprocessing = 0;
		};
		2D02E48D1E0B4A5D006451C7 /* Frameworks */ = {
			isa = PBXFrameworksBuildPhase;
			buildActionMask = 2147483647;
			files = (
			);
			runOnlyForDeploymentPostprocessing = 0;
		};
/* End PBXFrameworksBuildPhase section */

/* Begin PBXGroup section */
		00E356EF1AD99517003FC87E /* letsfoodsTests */ = {
			isa = PBXGroup;
			children = (
				00E356F21AD99517003FC87E /* letsfoodsTests.m */,
				00E356F01AD99517003FC87E /* Supporting Files */,
			);
			path = letsfoodsTests;
			sourceTree = "<group>";
		};
		00E356F01AD99517003FC87E /* Supporting Files */ = {
			isa = PBXGroup;
			children = (
				00E356F11AD99517003FC87E /* Info.plist */,
			);
			name = "Supporting Files";
			sourceTree = "<group>";
		};
		13B07FAE1A68108700A75B9A /* letsfoods */ = {
			isa = PBXGroup;
			children = (
				008F07F21AC5B25A0029DE68 /* main.jsbundle */,
				13B07FAF1A68108700A75B9A /* AppDelegate.h */,
				13B07FB01A68108700A75B9A /* AppDelegate.m */,
				13B07FB51A68108700A75B9A /* Images.xcassets */,
				13B07FB61A68108700A75B9A /* Info.plist */,
				13B07FB11A68108700A75B9A /* LaunchScreen.xib */,
				13B07FB71A68108700A75B9A /* main.m */,
			);
			name = letsfoods;
			sourceTree = "<group>";
		};
		2D16E6871FA4F8E400B85C8A /* Frameworks */ = {
			isa = PBXGroup;
			children = (
				ED297162215061F000B7C4FE /* JavaScriptCore.framework */,
				ED2971642150620600B7C4FE /* JavaScriptCore.framework */,
			);
			name = Frameworks;
			sourceTree = "<group>";
		};
		832341AE1AAA6A7D00B99B32 /* Libraries */ = {
			isa = PBXGroup;
			children = (
			);
			name = Libraries;
			sourceTree = "<group>";
		};
		83CBB9F61A601CBA00E9B192 = {
			isa = PBXGroup;
			children = (
				13B07FAE1A68108700A75B9A /* letsfoods */,
				832341AE1AAA6A7D00B99B32 /* Libraries */,
				00E356EF1AD99517003FC87E /* letsfoodsTests */,
				83CBBA001A601CBA00E9B192 /* Products */,
				2D16E6871FA4F8E400B85C8A /* Frameworks */,
				995EA5FBFAC74B4D8BFD99D1 /* Resources */,
			);
			indentWidth = 2;
			sourceTree = "<group>";
			tabWidth = 2;
			usesTabs = 0;
		};
		83CBBA001A601CBA00E9B192 /* Products */ = {
			isa = PBXGroup;
			children = (
				13B07F961A680F5B00A75B9A /* letsfoods.app */,
				00E356EE1AD99517003FC87E /* letsfoodsTests.xctest */,
				2D02E47B1E0B4A5D006451C7 /* letsfoods-tvOS.app */,
				2D02E4901E0B4A5D006451C7 /* letsfoods-tvOSTests.xctest */,
			);
			name = Products;
			sourceTree = "<group>";
		};
		995EA5FBFAC74B4D8BFD99D1 /* Resources */ = {
			isa = "PBXGroup";
			children = (
				BA1122D106AC4AB99F9E7051 /* Poppins Black.ttf */,
				84BD56F476F6448E8458161D /* Poppins Bold.ttf */,
				A53E7A96E9BF44F3A8209B82 /* Poppins ExtraBold.ttf */,
				195C791099AF44528D1FD2BD /* Poppins ExtraLight.ttf */,
				92671ECEDBFA43359C067E9E /* Poppins Light.ttf */,
				6AC6F0697F794AE99EB88B03 /* Poppins Medium.ttf */,
				9B54470D826243738DA2B1F8 /* Poppins Regular.ttf */,
				0E568EAA11EE450A8448F9C5 /* Poppins SemiBold.ttf */,
				31EEAD9B0C1248DCB951CB25 /* Poppins Thin.ttf */,
				A78EFF7B2B3242DA81DFB561 /* AntDesign.ttf */,
				40F66F4E16024A90BBF7C5B5 /* Entypo.ttf */,
				9E24899900A74423A4E0F00B /* EvilIcons.ttf */,
				8B5EA6BB4A534487893A94A9 /* Feather.ttf */,
				C69005E449EA427B89A0CD46 /* FontAwesome.ttf */,
				17240105784B4A5387B737EA /* FontAwesome5_Brands.ttf */,
				EA27FB4E3E12454F84E03EFF /* FontAwesome5_Regular.ttf */,
				C938624FD70541F5BF2554ED /* FontAwesome5_Solid.ttf */,
				EFBCA7BCE6B44CE5A073714D /* Fontisto.ttf */,
				2C1B7EE082124278BA92B84C /* Foundation.ttf */,
				0CF07931248446E8844D6DED /* Ionicons.ttf */,
				25C8B61DDD4941A091F907C0 /* MaterialCommunityIcons.ttf */,
				28C7E97742D1441CB010FDDC /* MaterialIcons.ttf */,
				5D860EC290684980BE6F8EF6 /* Octicons.ttf */,
				09CBF5323F3841B584A6251A /* SimpleLineIcons.ttf */,
				23A47F30185A47348C6DBD10 /* Zocial.ttf */,
				F4C5CAD4D57B4ECCA1B1DD15 /* Lato Black.ttf */,
				E834506A82AB476D8A68E25C /* Lato Bold.ttf */,
				F6E1E250D31C41C9BA6A4DC5 /* Lato Hairline.ttf */,
				7858A0B3393740BAA1DDAC14 /* Lato Regular.ttf */,
				2CF3D3EFEEA2454196D0784A /* Lato-Light.ttf */,
				2C9B1AF86234486BA4C13D6E /* ABeeZee-Regular.ttf */,
				2F447EA1CCC34A5F9661D780 /* BarlowSemiCondensed-Bold.ttf */,
				622D93356FF1480CBA9C43D0 /* BarlowSemiCondensed-ExtraBold.ttf */,
				C873004AB2AA4D0E9CFD82FC /* BarlowSemiCondensed-ExtraLight.ttf */,
				4DE5E326D4F9444A85E94051 /* BarlowSemiCondensed-Light.ttf */,
				4F657684760048E1B8844189 /* BarlowSemiCondensed-Medium.ttf */,
				5B3066751D494C1B93D400E4 /* BarlowSemiCondensed-Regular.ttf */,
				BA6CC657D0C74BD8B723C5B5 /* BarlowSemiCondensed-SemiBold.ttf */,
				CED29D4BFB714470A5F7A11D /* BarlowSemiCondensed-Thin.ttf */,
				94038CCB68E74E9AA1177342 /* FiraSans-Bold.ttf */,
				4A7A3CE7C107419FA100ECB5 /* FiraSans-ExtraLight.ttf */,
				0376D6EFD5E2488484F1ADF0 /* FiraSans-Light.ttf */,
				3182AEBA85D34B67966C4177 /* FiraSans-Medium.ttf */,
				1AF2B5B556EB4E13896BAE56 /* FiraSans-Regular.ttf */,
				035124C3C356481D81A5F574 /* FiraSans-SemiBold.ttf */,
				2A6DBAF975394A55BD213B97 /* FiraSans-Thin.ttf */,
				912C3DDC94E44B018C749FED /* NewsCycle-Regular.ttf */,
			);
			name = Resources;
			sourceTree = "<group>";
			path = "";
		};
/* End PBXGroup section */

/* Begin PBXNativeTarget section */
		00E356ED1AD99517003FC87E /* letsfoodsTests */ = {
			isa = PBXNativeTarget;
			buildConfigurationList = 00E357021AD99517003FC87E /* Build configuration list for PBXNativeTarget "letsfoodsTests" */;
			buildPhases = (
				00E356EA1AD99517003FC87E /* Sources */,
				00E356EB1AD99517003FC87E /* Frameworks */,
				00E356EC1AD99517003FC87E /* Resources */,
			);
			buildRules = (
			);
			dependencies = (
				00E356F51AD99517003FC87E /* PBXTargetDependency */,
			);
			name = letsfoodsTests;
			productName = letsfoodsTests;
			productReference = 00E356EE1AD99517003FC87E /* letsfoodsTests.xctest */;
			productType = "com.apple.product-type.bundle.unit-test";
		};
		13B07F861A680F5B00A75B9A /* letsfoods */ = {
			isa = PBXNativeTarget;
			buildConfigurationList = 13B07F931A680F5B00A75B9A /* Build configuration list for PBXNativeTarget "letsfoods" */;
			buildPhases = (
				FD10A7F022414F080027D42C /* Start Packager */,
				13B07F871A680F5B00A75B9A /* Sources */,
				13B07F8C1A680F5B00A75B9A /* Frameworks */,
				13B07F8E1A680F5B00A75B9A /* Resources */,
				00DD1BFF1BD5951E006B06BC /* Bundle React Native code and images */,
			);
			buildRules = (
			);
			dependencies = (
			);
			name = letsfoods;
			productName = "letsfoods";
			productReference = 13B07F961A680F5B00A75B9A /* letsfoods.app */;
			productType = "com.apple.product-type.application";
		};
		2D02E47A1E0B4A5D006451C7 /* letsfoods-tvOS */ = {
			isa = PBXNativeTarget;
			buildConfigurationList = 2D02E4BA1E0B4A5E006451C7 /* Build configuration list for PBXNativeTarget "letsfoods-tvOS" */;
			buildPhases = (
				FD10A7F122414F3F0027D42C /* Start Packager */,
				2D02E4771E0B4A5D006451C7 /* Sources */,
				2D02E4781E0B4A5D006451C7 /* Frameworks */,
				2D02E4791E0B4A5D006451C7 /* Resources */,
				2D02E4CB1E0B4B27006451C7 /* Bundle React Native Code And Images */,
			);
			buildRules = (
			);
			dependencies = (
			);
			name = "letsfoods-tvOS";
			productName = "letsfoods-tvOS";
			productReference = 2D02E47B1E0B4A5D006451C7 /* letsfoods-tvOS.app */;
			productType = "com.apple.product-type.application";
		};
		2D02E48F1E0B4A5D006451C7 /* letsfoods-tvOSTests */ = {
			isa = PBXNativeTarget;
			buildConfigurationList = 2D02E4BB1E0B4A5E006451C7 /* Build configuration list for PBXNativeTarget "letsfoods-tvOSTests" */;
			buildPhases = (
				2D02E48C1E0B4A5D006451C7 /* Sources */,
				2D02E48D1E0B4A5D006451C7 /* Frameworks */,
				2D02E48E1E0B4A5D006451C7 /* Resources */,
			);
			buildRules = (
			);
			dependencies = (
				2D02E4921E0B4A5D006451C7 /* PBXTargetDependency */,
			);
			name = "letsfoods-tvOSTests";
			productName = "letsfoods-tvOSTests";
			productReference = 2D02E4901E0B4A5D006451C7 /* letsfoods-tvOSTests.xctest */;
			productType = "com.apple.product-type.bundle.unit-test";
		};
/* End PBXNativeTarget section */

/* Begin PBXProject section */
		83CBB9F71A601CBA00E9B192 /* Project object */ = {
			isa = PBXProject;
			attributes = {
				LastUpgradeCheck = 940;
				ORGANIZATIONNAME = Facebook;
				TargetAttributes = {
					00E356ED1AD99517003FC87E = {
						CreatedOnToolsVersion = 6.2;
						TestTargetID = 13B07F861A680F5B00A75B9A;
					};
					2D02E47A1E0B4A5D006451C7 = {
						CreatedOnToolsVersion = 8.2.1;
						ProvisioningStyle = Automatic;
					};
					2D02E48F1E0B4A5D006451C7 = {
						CreatedOnToolsVersion = 8.2.1;
						ProvisioningStyle = Automatic;
						TestTargetID = 2D02E47A1E0B4A5D006451C7;
					};
				};
			};
			buildConfigurationList = 83CBB9FA1A601CBA00E9B192 /* Build configuration list for PBXProject "letsfoods" */;
			compatibilityVersion = "Xcode 3.2";
			developmentRegion = English;
			hasScannedForEncodings = 0;
			knownRegions = (
				en,
				Base,
			);
			mainGroup = 83CBB9F61A601CBA00E9B192;
			productRefGroup = 83CBBA001A601CBA00E9B192 /* Products */;
			projectDirPath = "";
			projectRoot = "";
			targets = (
				13B07F861A680F5B00A75B9A /* letsfoods */,
				00E356ED1AD99517003FC87E /* letsfoodsTests */,
				2D02E47A1E0B4A5D006451C7 /* letsfoods-tvOS */,
				2D02E48F1E0B4A5D006451C7 /* letsfoods-tvOSTests */,
			);
		};
/* End PBXProject section */

/* Begin PBXResourcesBuildPhase section */
		00E356EC1AD99517003FC87E /* Resources */ = {
			isa = PBXResourcesBuildPhase;
			buildActionMask = 2147483647;
			files = (
			);
			runOnlyForDeploymentPostprocessing = 0;
		};
		13B07F8E1A680F5B00A75B9A /* Resources */ = {
			isa = PBXResourcesBuildPhase;
			buildActionMask = 2147483647;
			files = (
				13B07FBF1A68108700A75B9A /* Images.xcassets in Resources */,
				13B07FBD1A68108700A75B9A /* LaunchScreen.xib in Resources */,
				8BE64F882C184CE6A9C707D5 /* Poppins Black.ttf in Resources */,
				6F982EED972D4BF5BAACC036 /* Poppins Bold.ttf in Resources */,
				B512922B6BCD4D0CAA6DF9A0 /* Poppins ExtraBold.ttf in Resources */,
				78CF3F2A552745A8A3403309 /* Poppins ExtraLight.ttf in Resources */,
				A3174AFDF5EC4EF98C387D96 /* Poppins Light.ttf in Resources */,
				FAC15B8295024CD5A6B28B15 /* Poppins Medium.ttf in Resources */,
				D8F958303C924FDB8B46156A /* Poppins Regular.ttf in Resources */,
				340A934DA6764B28A8CC8969 /* Poppins SemiBold.ttf in Resources */,
				81FB294A14D749069EA70FA6 /* Poppins Thin.ttf in Resources */,
				9D24E5E93A304360A221C753 /* AntDesign.ttf in Resources */,
				2DDB119C8BCD45839EF270E9 /* Entypo.ttf in Resources */,
				D11DA25CA9A84E059E3ED62B /* EvilIcons.ttf in Resources */,
				83C82B93BE914DFF9A6351C9 /* Feather.ttf in Resources */,
				97430F80C3584F0D9D5F147A /* FontAwesome.ttf in Resources */,
				DA14CA62726848B4AD3700AD /* FontAwesome5_Brands.ttf in Resources */,
				46094C9AE60648689B70A67D /* FontAwesome5_Regular.ttf in Resources */,
				8F87F7E06B184ADFBD863CCD /* FontAwesome5_Solid.ttf in Resources */,
				5C2DEA41E4EA4DA59CEAC381 /* Fontisto.ttf in Resources */,
				8EE92752F239400F923D7CC6 /* Foundation.ttf in Resources */,
				2CCF6B66097B415098BB81CF /* Ionicons.ttf in Resources */,
				99309C92F39A4A5981FA5857 /* MaterialCommunityIcons.ttf in Resources */,
				6049D1F15A5C4671A3979699 /* MaterialIcons.ttf in Resources */,
				A0A1F122603A4BC98217450D /* Octicons.ttf in Resources */,
				4FF88DFF3613469BB8A933A2 /* SimpleLineIcons.ttf in Resources */,
				E0E40FE3E3274251ABF32064 /* Zocial.ttf in Resources */,
				1AAD4F2AFC604634ADE07018 /* Lato Black.ttf in Resources */,
				E44D084E0C1046019AA132E0 /* Lato Bold.ttf in Resources */,
				D617FE9B495E429281445E51 /* Lato Hairline.ttf in Resources */,
				B5C2A4375C12495892A5D0E5 /* Lato Regular.ttf in Resources */,
				BF5DF68BFF65441DB0769698 /* Lato-Light.ttf in Resources */,
				36205602D8A94418AAD95F74 /* ABeeZee-Regular.ttf in Resources */,
				E5D34763E1954C38A8BB256A /* BarlowSemiCondensed-Bold.ttf in Resources */,
				8905673CC18046028EC921C6 /* BarlowSemiCondensed-ExtraBold.ttf in Resources */,
				28DA6AC28E824A1193AF5BFA /* BarlowSemiCondensed-ExtraLight.ttf in Resources */,
				4B141657B01F4C6C8D15E97E /* BarlowSemiCondensed-Light.ttf in Resources */,
				71974A969F3A48DAA574C057 /* BarlowSemiCondensed-Medium.ttf in Resources */,
				18AA1F813380429BACDAC8ED /* BarlowSemiCondensed-Regular.ttf in Resources */,
				00A9744F62E14FD88FE77A52 /* BarlowSemiCondensed-SemiBold.ttf in Resources */,
				1C351E02231A41118A2EC37F /* BarlowSemiCondensed-Thin.ttf in Resources */,
				9031FF29066B48EB8657F7EB /* FiraSans-Bold.ttf in Resources */,
				1D4D1EAACD4A43C7B9DA94A3 /* FiraSans-ExtraLight.ttf in Resources */,
				E89AC4E6FB7341BC9E3ADB73 /* FiraSans-Light.ttf in Resources */,
				7E303B0A1B724CF1BABF437E /* FiraSans-Medium.ttf in Resources */,
				58FF473CCE9249F79E7009D3 /* FiraSans-Regular.ttf in Resources */,
				A8F5C160294B430F8366D213 /* FiraSans-SemiBold.ttf in Resources */,
				540FB1B9EB27427BAFD94C34 /* FiraSans-Thin.ttf in Resources */,
				C6D5E76CE78A423F90DD69B7 /* NewsCycle-Regular.ttf in Resources */,
			);
			runOnlyForDeploymentPostprocessing = 0;
		};
		2D02E4791E0B4A5D006451C7 /* Resources */ = {
			isa = PBXResourcesBuildPhase;
			buildActionMask = 2147483647;
			files = (
				2D02E4BD1E0B4A84006451C7 /* Images.xcassets in Resources */,
			);
			runOnlyForDeploymentPostprocessing = 0;
		};
		2D02E48E1E0B4A5D006451C7 /* Resources */ = {
			isa = PBXResourcesBuildPhase;
			buildActionMask = 2147483647;
			files = (
			);
			runOnlyForDeploymentPostprocessing = 0;
		};
/* End PBXResourcesBuildPhase section */

/* Begin PBXShellScriptBuildPhase section */
		00DD1BFF1BD5951E006B06BC /* Bundle React Native code and images */ = {
			isa = PBXShellScriptBuildPhase;
			buildActionMask = 2147483647;
			files = (
			);
			inputPaths = (
			);
			name = "Bundle React Native code and images";
			outputPaths = (
			);
			runOnlyForDeploymentPostprocessing = 0;
			shellPath = /bin/sh;
			shellScript = "export NODE_BINARY=node\n../node_modules/react-native/scripts/react-native-xcode.sh";
		};
		2D02E4CB1E0B4B27006451C7 /* Bundle React Native Code And Images */ = {
			isa = PBXShellScriptBuildPhase;
			buildActionMask = 2147483647;
			files = (
			);
			inputPaths = (
			);
			name = "Bundle React Native Code And Images";
			outputPaths = (
			);
			runOnlyForDeploymentPostprocessing = 0;
			shellPath = /bin/sh;
			shellScript = "export NODE_BINARY=node\n../node_modules/react-native/scripts/react-native-xcode.sh";
		};
		FD10A7F022414F080027D42C /* Start Packager */ = {
			isa = PBXShellScriptBuildPhase;
			buildActionMask = 2147483647;
			files = (
			);
			inputFileListPaths = (
			);
			inputPaths = (
			);
			name = "Start Packager";
			outputFileListPaths = (
			);
			outputPaths = (
			);
			runOnlyForDeploymentPostprocessing = 0;
			shellPath = /bin/sh;
			shellScript = "export RCT_METRO_PORT=\"${RCT_METRO_PORT:=8081}\"\necho \"export RCT_METRO_PORT=${RCT_METRO_PORT}\" > \"${SRCROOT}/../node_modules/react-native/scripts/.packager.env\"\nif [ -z \"${RCT_NO_LAUNCH_PACKAGER+xxx}\" ] ; then\n  if nc -w 5 -z localhost ${RCT_METRO_PORT} ; then\n    if ! curl -s \"http://localhost:${RCT_METRO_PORT}/status\" | grep -q \"packager-status:running\" ; then\n      echo \"Port ${RCT_METRO_PORT} already in use, packager is either not running or not running correctly\"\n      exit 2\n    fi\n  else\n    open \"$SRCROOT/../node_modules/react-native/scripts/launchPackager.command\" || echo \"Can't start packager automatically\"\n  fi\nfi\n";
			showEnvVarsInLog = 0;
		};
		FD10A7F122414F3F0027D42C /* Start Packager */ = {
			isa = PBXShellScriptBuildPhase;
			buildActionMask = 2147483647;
			files = (
			);
			inputFileListPaths = (
			);
			inputPaths = (
			);
			name = "Start Packager";
			outputFileListPaths = (
			);
			outputPaths = (
			);
			runOnlyForDeploymentPostprocessing = 0;
			shellPath = /bin/sh;
			shellScript = "export RCT_METRO_PORT=\"${RCT_METRO_PORT:=8081}\"\necho \"export RCT_METRO_PORT=${RCT_METRO_PORT}\" > \"${SRCROOT}/../node_modules/react-native/scripts/.packager.env\"\nif [ -z \"${RCT_NO_LAUNCH_PACKAGER+xxx}\" ] ; then\n  if nc -w 5 -z localhost ${RCT_METRO_PORT} ; then\n    if ! curl -s \"http://localhost:${RCT_METRO_PORT}/status\" | grep -q \"packager-status:running\" ; then\n      echo \"Port ${RCT_METRO_PORT} already in use, packager is either not running or not running correctly\"\n      exit 2\n    fi\n  else\n    open \"$SRCROOT/../node_modules/react-native/scripts/launchPackager.command\" || echo \"Can't start packager automatically\"\n  fi\nfi\n";
			showEnvVarsInLog = 0;
		};
/* End PBXShellScriptBuildPhase section */

/* Begin PBXSourcesBuildPhase section */
		00E356EA1AD99517003FC87E /* Sources */ = {
			isa = PBXSourcesBuildPhase;
			buildActionMask = 2147483647;
			files = (
				00E356F31AD99517003FC87E /* letsfoodsTests.m in Sources */,
			);
			runOnlyForDeploymentPostprocessing = 0;
		};
		13B07F871A680F5B00A75B9A /* Sources */ = {
			isa = PBXSourcesBuildPhase;
			buildActionMask = 2147483647;
			files = (
				13B07FBC1A68108700A75B9A /* AppDelegate.m in Sources */,
				13B07FC11A68108700A75B9A /* main.m in Sources */,
			);
			runOnlyForDeploymentPostprocessing = 0;
		};
		2D02E4771E0B4A5D006451C7 /* Sources */ = {
			isa = PBXSourcesBuildPhase;
			buildActionMask = 2147483647;
			files = (
				2D02E4BF1E0B4AB3006451C7 /* main.m in Sources */,
				2D02E4BC1E0B4A80006451C7 /* AppDelegate.m in Sources */,
			);
			runOnlyForDeploymentPostprocessing = 0;
		};
		2D02E48C1E0B4A5D006451C7 /* Sources */ = {
			isa = PBXSourcesBuildPhase;
			buildActionMask = 2147483647;
			files = (
				2DCD954D1E0B4F2C00145EB5 /* letsfoodsTests.m in Sources */,
			);
			runOnlyForDeploymentPostprocessing = 0;
		};
/* End PBXSourcesBuildPhase section */

/* Begin PBXTargetDependency section */
		00E356F51AD99517003FC87E /* PBXTargetDependency */ = {
			isa = PBXTargetDependency;
			target = 13B07F861A680F5B00A75B9A /* letsfoods */;
			targetProxy = 00E356F41AD99517003FC87E /* PBXContainerItemProxy */;
		};
		2D02E4921E0B4A5D006451C7 /* PBXTargetDependency */ = {
			isa = PBXTargetDependency;
			target = 2D02E47A1E0B4A5D006451C7 /* letsfoods-tvOS */;
			targetProxy = 2D02E4911E0B4A5D006451C7 /* PBXContainerItemProxy */;
		};
/* End PBXTargetDependency section */

/* Begin PBXVariantGroup section */
		13B07FB11A68108700A75B9A /* LaunchScreen.xib */ = {
			isa = PBXVariantGroup;
			children = (
				13B07FB21A68108700A75B9A /* Base */,
			);
			name = LaunchScreen.xib;
			path = letsfoods;
			sourceTree = "<group>";
		};
/* End PBXVariantGroup section */

/* Begin XCBuildConfiguration section */
		00E356F61AD99517003FC87E /* Debug */ = {
			isa = XCBuildConfiguration;
			buildSettings = {
				BUNDLE_LOADER = "$(TEST_HOST)";
				GCC_PREPROCESSOR_DEFINITIONS = (
					"DEBUG=1",
					"$(inherited)",
				);
				INFOPLIST_FILE = letsfoodsTests/Info.plist;
				IPHONEOS_DEPLOYMENT_TARGET = 9.0;
				LD_RUNPATH_SEARCH_PATHS = "$(inherited) @executable_path/Frameworks @loader_path/Frameworks";
				OTHER_LDFLAGS = (
					"-ObjC",
					"-lc++",
					"$(inherited)",
				);
				PRODUCT_BUNDLE_IDENTIFIER = "org.reactjs.native.example.$(PRODUCT_NAME:rfc1034identifier)";
				PRODUCT_NAME = "$(TARGET_NAME)";
				TEST_HOST = "$(BUILT_PRODUCTS_DIR)/letsfoods.app/letsfoods";
			};
			name = Debug;
		};
		00E356F71AD99517003FC87E /* Release */ = {
			isa = XCBuildConfiguration;
			buildSettings = {
				BUNDLE_LOADER = "$(TEST_HOST)";
				COPY_PHASE_STRIP = NO;
				INFOPLIST_FILE = letsfoodsTests/Info.plist;
				IPHONEOS_DEPLOYMENT_TARGET = 9.0;
				LD_RUNPATH_SEARCH_PATHS = "$(inherited) @executable_path/Frameworks @loader_path/Frameworks";
				OTHER_LDFLAGS = (
					"-ObjC",
					"-lc++",
					"$(inherited)",
				);
				PRODUCT_BUNDLE_IDENTIFIER = "org.reactjs.native.example.$(PRODUCT_NAME:rfc1034identifier)";
				PRODUCT_NAME = "$(TARGET_NAME)";
				TEST_HOST = "$(BUILT_PRODUCTS_DIR)/letsfoods.app/letsfoods";
			};
			name = Release;
		};
		13B07F941A680F5B00A75B9A /* Debug */ = {
			isa = XCBuildConfiguration;
			buildSettings = {
				ASSETCATALOG_COMPILER_APPICON_NAME = AppIcon;
				CURRENT_PROJECT_VERSION = 1;
				DEAD_CODE_STRIPPING = NO;
				INFOPLIST_FILE = letsfoods/Info.plist;
				LD_RUNPATH_SEARCH_PATHS = "$(inherited) @executable_path/Frameworks";
				OTHER_LDFLAGS = (
					"$(inherited)",
					"-ObjC",
					"-lc++",
				);
				PRODUCT_BUNDLE_IDENTIFIER = "org.reactjs.native.example.$(PRODUCT_NAME:rfc1034identifier)";
				PRODUCT_NAME = letsfoods;
				VERSIONING_SYSTEM = "apple-generic";
			};
			name = Debug;
		};
		13B07F951A680F5B00A75B9A /* Release */ = {
			isa = XCBuildConfiguration;
			buildSettings = {
				ASSETCATALOG_COMPILER_APPICON_NAME = AppIcon;
				CURRENT_PROJECT_VERSION = 1;
				INFOPLIST_FILE = letsfoods/Info.plist;
				LD_RUNPATH_SEARCH_PATHS = "$(inherited) @executable_path/Frameworks";
				OTHER_LDFLAGS = (
					"$(inherited)",
					"-ObjC",
					"-lc++",
				);
				PRODUCT_BUNDLE_IDENTIFIER = "org.reactjs.native.example.$(PRODUCT_NAME:rfc1034identifier)";
				PRODUCT_NAME = letsfoods;
				VERSIONING_SYSTEM = "apple-generic";
			};
			name = Release;
		};
		2D02E4971E0B4A5E006451C7 /* Debug */ = {
			isa = XCBuildConfiguration;
			buildSettings = {
				ASSETCATALOG_COMPILER_APPICON_NAME = "App Icon & Top Shelf Image";
				ASSETCATALOG_COMPILER_LAUNCHIMAGE_NAME = LaunchImage;
				CLANG_ANALYZER_NONNULL = YES;
				CLANG_WARN_DOCUMENTATION_COMMENTS = YES;
				CLANG_WARN_INFINITE_RECURSION = YES;
				CLANG_WARN_SUSPICIOUS_MOVE = YES;
				DEBUG_INFORMATION_FORMAT = dwarf;
				ENABLE_TESTABILITY = YES;
				GCC_NO_COMMON_BLOCKS = YES;
				INFOPLIST_FILE = "letsfoods-tvOS/Info.plist";
				LD_RUNPATH_SEARCH_PATHS = "$(inherited) @executable_path/Frameworks";
				OTHER_LDFLAGS = (
					"$(inherited)",
					"-ObjC",
					"-lc++",
				);
				PRODUCT_BUNDLE_IDENTIFIER = "com.facebook.REACT.letsfoods-tvOS";
				PRODUCT_NAME = "$(TARGET_NAME)";
				SDKROOT = appletvos;
				TARGETED_DEVICE_FAMILY = 3;
				TVOS_DEPLOYMENT_TARGET = 9.2;
			};
			name = Debug;
		};
		2D02E4981E0B4A5E006451C7 /* Release */ = {
			isa = XCBuildConfiguration;
			buildSettings = {
				ASSETCATALOG_COMPILER_APPICON_NAME = "App Icon & Top Shelf Image";
				ASSETCATALOG_COMPILER_LAUNCHIMAGE_NAME = LaunchImage;
				CLANG_ANALYZER_NONNULL = YES;
				CLANG_WARN_DOCUMENTATION_COMMENTS = YES;
				CLANG_WARN_INFINITE_RECURSION = YES;
				CLANG_WARN_SUSPICIOUS_MOVE = YES;
				COPY_PHASE_STRIP = NO;
				DEBUG_INFORMATION_FORMAT = "dwarf-with-dsym";
				GCC_NO_COMMON_BLOCKS = YES;
				INFOPLIST_FILE = "letsfoods-tvOS/Info.plist";
				LD_RUNPATH_SEARCH_PATHS = "$(inherited) @executable_path/Frameworks";
				OTHER_LDFLAGS = (
					"$(inherited)",
					"-ObjC",
					"-lc++",
				);
				PRODUCT_BUNDLE_IDENTIFIER = "com.facebook.REACT.letsfoods-tvOS";
				PRODUCT_NAME = "$(TARGET_NAME)";
				SDKROOT = appletvos;
				TARGETED_DEVICE_FAMILY = 3;
				TVOS_DEPLOYMENT_TARGET = 9.2;
			};
			name = Release;
		};
		2D02E4991E0B4A5E006451C7 /* Debug */ = {
			isa = XCBuildConfiguration;
			buildSettings = {
				BUNDLE_LOADER = "$(TEST_HOST)";
				CLANG_ANALYZER_NONNULL = YES;
				CLANG_WARN_DOCUMENTATION_COMMENTS = YES;
				CLANG_WARN_INFINITE_RECURSION = YES;
				CLANG_WARN_SUSPICIOUS_MOVE = YES;
				DEBUG_INFORMATION_FORMAT = dwarf;
				ENABLE_TESTABILITY = YES;
				GCC_NO_COMMON_BLOCKS = YES;
				INFOPLIST_FILE = "letsfoods-tvOSTests/Info.plist";
				LD_RUNPATH_SEARCH_PATHS = "$(inherited) @executable_path/Frameworks @loader_path/Frameworks";
				OTHER_LDFLAGS = (
					"$(inherited)",
					"-ObjC",
					"-lc++",
				);
				PRODUCT_BUNDLE_IDENTIFIER = "com.facebook.REACT.letsfoods-tvOSTests";
				PRODUCT_NAME = "$(TARGET_NAME)";
				SDKROOT = appletvos;
				TEST_HOST = "$(BUILT_PRODUCTS_DIR)/letsfoods-tvOS.app/letsfoods-tvOS";
				TVOS_DEPLOYMENT_TARGET = 10.1;
			};
			name = Debug;
		};
		2D02E49A1E0B4A5E006451C7 /* Release */ = {
			isa = XCBuildConfiguration;
			buildSettings = {
				BUNDLE_LOADER = "$(TEST_HOST)";
				CLANG_ANALYZER_NONNULL = YES;
				CLANG_WARN_DOCUMENTATION_COMMENTS = YES;
				CLANG_WARN_INFINITE_RECURSION = YES;
				CLANG_WARN_SUSPICIOUS_MOVE = YES;
				COPY_PHASE_STRIP = NO;
				DEBUG_INFORMATION_FORMAT = "dwarf-with-dsym";
				GCC_NO_COMMON_BLOCKS = YES;
				INFOPLIST_FILE = "letsfoods-tvOSTests/Info.plist";
				LD_RUNPATH_SEARCH_PATHS = "$(inherited) @executable_path/Frameworks @loader_path/Frameworks";
				OTHER_LDFLAGS = (
					"$(inherited)",
					"-ObjC",
					"-lc++",
				);
				PRODUCT_BUNDLE_IDENTIFIER = "com.facebook.REACT.letsfoods-tvOSTests";
				PRODUCT_NAME = "$(TARGET_NAME)";
				SDKROOT = appletvos;
				TEST_HOST = "$(BUILT_PRODUCTS_DIR)/letsfoods-tvOS.app/letsfoods-tvOS";
				TVOS_DEPLOYMENT_TARGET = 10.1;
			};
			name = Release;
		};
		83CBBA201A601CBA00E9B192 /* Debug */ = {
			isa = XCBuildConfiguration;
			buildSettings = {
				ALWAYS_SEARCH_USER_PATHS = NO;
				CLANG_CXX_LANGUAGE_STANDARD = "gnu++0x";
				CLANG_CXX_LIBRARY = "libc++";
				CLANG_ENABLE_MODULES = YES;
				CLANG_ENABLE_OBJC_ARC = YES;
				CLANG_WARN_BLOCK_CAPTURE_AUTORELEASING = YES;
				CLANG_WARN_BOOL_CONVERSION = YES;
				CLANG_WARN_COMMA = YES;
				CLANG_WARN_CONSTANT_CONVERSION = YES;
				CLANG_WARN_DEPRECATED_OBJC_IMPLEMENTATIONS = YES;
				CLANG_WARN_DIRECT_OBJC_ISA_USAGE = YES_ERROR;
				CLANG_WARN_EMPTY_BODY = YES;
				CLANG_WARN_ENUM_CONVERSION = YES;
				CLANG_WARN_INFINITE_RECURSION = YES;
				CLANG_WARN_INT_CONVERSION = YES;
				CLANG_WARN_NON_LITERAL_NULL_CONVERSION = YES;
				CLANG_WARN_OBJC_IMPLICIT_RETAIN_SELF = YES;
				CLANG_WARN_OBJC_LITERAL_CONVERSION = YES;
				CLANG_WARN_OBJC_ROOT_CLASS = YES_ERROR;
				CLANG_WARN_RANGE_LOOP_ANALYSIS = YES;
				CLANG_WARN_STRICT_PROTOTYPES = YES;
				CLANG_WARN_SUSPICIOUS_MOVE = YES;
				CLANG_WARN_UNREACHABLE_CODE = YES;
				CLANG_WARN__DUPLICATE_METHOD_MATCH = YES;
				"CODE_SIGN_IDENTITY[sdk=iphoneos*]" = "iPhone Developer";
				COPY_PHASE_STRIP = NO;
				ENABLE_STRICT_OBJC_MSGSEND = YES;
				ENABLE_TESTABILITY = YES;
				GCC_C_LANGUAGE_STANDARD = gnu99;
				GCC_DYNAMIC_NO_PIC = NO;
				GCC_NO_COMMON_BLOCKS = YES;
				GCC_OPTIMIZATION_LEVEL = 0;
				GCC_PREPROCESSOR_DEFINITIONS = (
					"DEBUG=1",
					"$(inherited)",
				);
				GCC_SYMBOLS_PRIVATE_EXTERN = NO;
				GCC_WARN_64_TO_32_BIT_CONVERSION = YES;
				GCC_WARN_ABOUT_RETURN_TYPE = YES_ERROR;
				GCC_WARN_UNDECLARED_SELECTOR = YES;
				GCC_WARN_UNINITIALIZED_AUTOS = YES_AGGRESSIVE;
				GCC_WARN_UNUSED_FUNCTION = YES;
				GCC_WARN_UNUSED_VARIABLE = YES;
				IPHONEOS_DEPLOYMENT_TARGET = 9.0;
				MTL_ENABLE_DEBUG_INFO = YES;
				ONLY_ACTIVE_ARCH = YES;
				SDKROOT = iphoneos;
			};
			name = Debug;
		};
		83CBBA211A601CBA00E9B192 /* Release */ = {
			isa = XCBuildConfiguration;
			buildSettings = {
				ALWAYS_SEARCH_USER_PATHS = NO;
				CLANG_CXX_LANGUAGE_STANDARD = "gnu++0x";
				CLANG_CXX_LIBRARY = "libc++";
				CLANG_ENABLE_MODULES = YES;
				CLANG_ENABLE_OBJC_ARC = YES;
				CLANG_WARN_BLOCK_CAPTURE_AUTORELEASING = YES;
				CLANG_WARN_BOOL_CONVERSION = YES;
				CLANG_WARN_COMMA = YES;
				CLANG_WARN_CONSTANT_CONVERSION = YES;
				CLANG_WARN_DEPRECATED_OBJC_IMPLEMENTATIONS = YES;
				CLANG_WARN_DIRECT_OBJC_ISA_USAGE = YES_ERROR;
				CLANG_WARN_EMPTY_BODY = YES;
				CLANG_WARN_ENUM_CONVERSION = YES;
				CLANG_WARN_INFINITE_RECURSION = YES;
				CLANG_WARN_INT_CONVERSION = YES;
				CLANG_WARN_NON_LITERAL_NULL_CONVERSION = YES;
				CLANG_WARN_OBJC_IMPLICIT_RETAIN_SELF = YES;
				CLANG_WARN_OBJC_LITERAL_CONVERSION = YES;
				CLANG_WARN_OBJC_ROOT_CLASS = YES_ERROR;
				CLANG_WARN_RANGE_LOOP_ANALYSIS = YES;
				CLANG_WARN_STRICT_PROTOTYPES = YES;
				CLANG_WARN_SUSPICIOUS_MOVE = YES;
				CLANG_WARN_UNREACHABLE_CODE = YES;
				CLANG_WARN__DUPLICATE_METHOD_MATCH = YES;
				"CODE_SIGN_IDENTITY[sdk=iphoneos*]" = "iPhone Developer";
				COPY_PHASE_STRIP = YES;
				ENABLE_NS_ASSERTIONS = NO;
				ENABLE_STRICT_OBJC_MSGSEND = YES;
				GCC_C_LANGUAGE_STANDARD = gnu99;
				GCC_NO_COMMON_BLOCKS = YES;
				GCC_WARN_64_TO_32_BIT_CONVERSION = YES;
				GCC_WARN_ABOUT_RETURN_TYPE = YES_ERROR;
				GCC_WARN_UNDECLARED_SELECTOR = YES;
				GCC_WARN_UNINITIALIZED_AUTOS = YES_AGGRESSIVE;
				GCC_WARN_UNUSED_FUNCTION = YES;
				GCC_WARN_UNUSED_VARIABLE = YES;
				IPHONEOS_DEPLOYMENT_TARGET = 9.0;
				MTL_ENABLE_DEBUG_INFO = NO;
				SDKROOT = iphoneos;
				VALIDATE_PRODUCT = YES;
			};
			name = Release;
		};
/* End XCBuildConfiguration section */

/* Begin XCConfigurationList section */
		00E357021AD99517003FC87E /* Build configuration list for PBXNativeTarget "letsfoodsTests" */ = {
			isa = XCConfigurationList;
			buildConfigurations = (
				00E356F61AD99517003FC87E /* Debug */,
				00E356F71AD99517003FC87E /* Release */,
			);
			defaultConfigurationIsVisible = 0;
			defaultConfigurationName = Release;
		};
		13B07F931A680F5B00A75B9A /* Build configuration list for PBXNativeTarget "letsfoods" */ = {
			isa = XCConfigurationList;
			buildConfigurations = (
				13B07F941A680F5B00A75B9A /* Debug */,
				13B07F951A680F5B00A75B9A /* Release */,
			);
			defaultConfigurationIsVisible = 0;
			defaultConfigurationName = Release;
		};
		2D02E4BA1E0B4A5E006451C7 /* Build configuration list for PBXNativeTarget "letsfoods-tvOS" */ = {
			isa = XCConfigurationList;
			buildConfigurations = (
				2D02E4971E0B4A5E006451C7 /* Debug */,
				2D02E4981E0B4A5E006451C7 /* Release */,
			);
			defaultConfigurationIsVisible = 0;
			defaultConfigurationName = Release;
		};
		2D02E4BB1E0B4A5E006451C7 /* Build configuration list for PBXNativeTarget "letsfoods-tvOSTests" */ = {
			isa = XCConfigurationList;
			buildConfigurations = (
				2D02E4991E0B4A5E006451C7 /* Debug */,
				2D02E49A1E0B4A5E006451C7 /* Release */,
			);
			defaultConfigurationIsVisible = 0;
			defaultConfigurationName = Release;
		};
		83CBB9FA1A601CBA00E9B192 /* Build configuration list for PBXProject "letsfoods" */ = {
			isa = XCConfigurationList;
			buildConfigurations = (
				83CBBA201A601CBA00E9B192 /* Debug */,
				83CBBA211A601CBA00E9B192 /* Release */,
			);
			defaultConfigurationIsVisible = 0;
			defaultConfigurationName = Release;
		};
/* End XCConfigurationList section */
	};
	rootObject = 83CBB9F71A601CBA00E9B192 /* Project object */;
}
